{
  "name": "ozark-bot",
  "version": "1.0.0",
  "lockfileVersion": 2,
  "requires": true,
  "packages": {
    "": {
      "name": "ozark-bot",
      "version": "1.0.0",
      "license": "ISC",
      "dependencies": {
        "discord.js": "^14.0.0",
        "express": "^5.0.0",
        "mongoose": "^8.0.0",
        "dotenv": "^16.0.0"
      }
    }
  }
}
